// !$*UTF8*$!
{
	archiveVersion = 1;
	classes = {
	};
	objectVersion = 46;
	objects = {

/* Begin PBXBuildFile section */
		C0D8335E1F05EDCF0016EAFE /* AppDelegate.swift in Sources */ = {isa = PBXBuildFile; fileRef = C0D8335D1F05EDCF0016EAFE /* AppDelegate.swift */; };
		C0D833601F05EDCF0016EAFE /* ViewController.swift in Sources */ = {isa = PBXBuildFile; fileRef = C0D8335F1F05EDCF0016EAFE /* ViewController.swift */; };
		C0D833631F05EDCF0016EAFE /* Main.storyboard in Resources */ = {isa = PBXBuildFile; fileRef = C0D833611F05EDCF0016EAFE /* Main.storyboard */; };
		C0D833651F05EDCF0016EAFE /* Assets.xcassets in Resources */ = {isa = PBXBuildFile; fileRef = C0D833641F05EDCF0016EAFE /* Assets.xcassets */; };
		C0D833681F05EDCF0016EAFE /* LaunchScreen.storyboard in Resources */ = {isa = PBXBuildFile; fileRef = C0D833661F05EDCF0016EAFE /* LaunchScreen.storyboard */; };
		C0D833731F05EDCF0016EAFE /* _7_6_30___Tests.swift in Sources */ = {isa = PBXBuildFile; fileRef = C0D833721F05EDCF0016EAFE /* _7_6_30___Tests.swift */; };
		C0D8337E1F05EDCF0016EAFE /* _7_6_30___UITests.swift in Sources */ = {isa = PBXBuildFile; fileRef = C0D8337D1F05EDCF0016EAFE /* _7_6_30___UITests.swift */; };
/* End PBXBuildFile section */

/* Begin PBXContainerItemProxy section */
		C0D8336F1F05EDCF0016EAFE /* PBXContainerItemProxy */ = {
			isa = PBXContainerItemProxy;
			containerPortal = C0D833521F05EDCF0016EAFE /* Project object */;
			proxyType = 1;
			remoteGlobalIDString = C0D833591F05EDCF0016EAFE;
			remoteInfo = "17-6-30-字典";
		};
		C0D8337A1F05EDCF0016EAFE /* PBXContainerItemProxy */ = {
			isa = PBXContainerItemProxy;
			containerPortal = C0D833521F05EDCF0016EAFE /* Project object */;
			proxyType = 1;
			remoteGlobalIDString = C0D833591F05EDCF0016EAFE;
			remoteInfo = "17-6-30-字典";
		};
/* End PBXContainerItemProxy section */

/* Begin PBXFileReference section */
		C0D8335A1F05EDCF0016EAFE /* 17-6-30-字典.app */ = {isa = PBXFileReference; explicitFileType = wrapper.application; includeInIndex = 0; path = "17-6-30-字典.app"; sourceTree = BUILT_PRODUCTS_DIR; };
		C0D8335D1F05EDCF0016EAFE /* AppDelegate.swift */ = {isa = PBXFileReference; lastKnownFileType = sourcecode.swift; path = AppDelegate.swift; sourceTree = "<group>"; };
		C0D8335F1F05EDCF0016EAFE /* ViewController.swift */ = {isa = PBXFileReference; lastKnownFileType = sourcecode.swift; path = ViewController.swift; sourceTree = "<group>"; };
		C0D833621F05EDCF0016EAFE /* Base */ = {isa = PBXFileReference; lastKnownFileType = file.storyboard; name = Base; path = Base.lproj/Main.storyboard; sourceTree = "<group>"; };
		C0D833641F05EDCF0016EAFE /* Assets.xcassets */ = {isa = PBXFileReference; lastKnownFileType = folder.assetcatalog; path = Assets.xcassets; sourceTree = "<group>"; };
		C0D833671F05EDCF0016EAFE /* Base */ = {isa = PBXFileReference; lastKnownFileType = file.storyboard; name = Base; path = Base.lproj/LaunchScreen.storyboard; sourceTree = "<group>"; };
		C0D833691F05EDCF0016EAFE /* Info.plist */ = {isa = PBXFileReference; lastKnownFileType = text.plist.xml; path = Info.plist; sourceTree = "<group>"; };
		C0D8336E1F05EDCF0016EAFE /* 17-6-30-字典Tests.xctest */ = {isa = PBXFileReference; explicitFileType = wrapper.cfbundle; includeInIndex = 0; path = "17-6-30-字典Tests.xctest"; sourceTree = BUILT_PRODUCTS_DIR; };
		C0D833721F05EDCF0016EAFE /* _7_6_30___Tests.swift */ = {isa = PBXFileReference; lastKnownFileType = sourcecode.swift; path = "_7_6_30___Tests.swift"; sourceTree = "<group>"; };
		C0D833741F05EDCF0016EAFE /* Info.plist */ = {isa = PBXFileReference; lastKnownFileType = text.plist.xml; path = Info.plist; sourceTree = "<group>"; };
		C0D833791F05EDCF0016EAFE /* 17-6-30-字典UITests.xctest */ = {isa = PBXFileReference; explicitFileType = wrapper.cfbundle; includeInIndex = 0; path = "17-6-30-字典UITests.xctest"; sourceTree = BUILT_PRODUCTS_DIR; };
		C0D8337D1F05EDCF0016EAFE /* _7_6_30___UITests.swift */ = {isa = PBXFileReference; lastKnownFileType = sourcecode.swift; path = "_7_6_30___UITests.swift"; sourceTree = "<group>"; };
		C0D8337F1F05EDCF0016EAFE /* Info.plist */ = {isa = PBXFileReference; lastKnownFileType = text.plist.xml; path = Info.plist; sourceTree = "<group>"; };
/* End PBXFileReference section */

/* Begin PBXFrameworksBuildPhase section */
		C0D833571F05EDCF0016EAFE /* Frameworks */ = {
			isa = PBXFrameworksBuildPhase;
			buildActionMask = 2147483647;
			files = (
			);
			runOnlyForDeploymentPostprocessing = 0;
		};
		C0D8336B1F05EDCF0016EAFE /* Frameworks */ = {
			isa = PBXFrameworksBuildPhase;
			buildActionMask = 2147483647;
			files = (
			);
			runOnlyForDeploymentPostprocessing = 0;
		};
		C0D833761F05EDCF0016EAFE /* Frameworks */ = {
			isa = PBXFrameworksBuildPhase;
			buildActionMask = 2147483647;
			files = (
			);
			runOnlyForDeploymentPostprocessing = 0;
		};
/* End PBXFrameworksBuildPhase section */

/* Begin PBXGroup section */
		C0D833511F05EDCF0016EAFE = {
			isa = PBXGroup;
			children = (
				C0D8335C1F05EDCF0016EAFE /* 17-6-30-字典 */,
				C0D833711F05EDCF0016EAFE /* 17-6-30-字典Tests */,
				C0D8337C1F05EDCF0016EAFE /* 17-6-30-字典UITests */,
				C0D8335B1F05EDCF0016EAFE /* Products */,
			);
			sourceTree = "<group>";
		};
		C0D8335B1F05EDCF0016EAFE /* Products */ = {
			isa = PBXGroup;
			children = (
				C0D8335A1F05EDCF0016EAFE /* 17-6-30-字典.app */,
				C0D8336E1F05EDCF0016EAFE /* 17-6-30-字典Tests.xctest */,
				C0D833791F05EDCF0016EAFE /* 17-6-30-字典UITests.xctest */,
			);
			name = Products;
			sourceTree = "<group>";
		};
		C0D8335C1F05EDCF0016EAFE /* 17-6-30-字典 */ = {
			isa = PBXGroup;
			children = (
				C0D8335D1F05EDCF0016EAFE /* AppDelegate.swift */,
				C0D8335F1F05EDCF0016EAFE /* ViewController.swift */,
				C0D833611F05EDCF0016EAFE /* Main.storyboard */,
				C0D833641F05EDCF0016EAFE /* Assets.xcassets */,
				C0D833661F05EDCF0016EAFE /* LaunchScreen.storyboard */,
				C0D833691F05EDCF0016EAFE /* Info.plist */,
			);
			path = "17-6-30-字典";
			sourceTree = "<group>";
		};
		C0D833711F05EDCF0016EAFE /* 17-6-30-字典Tests */ = {
			isa = PBXGroup;
			children = (
				C0D833721F05EDCF0016EAFE /* _7_6_30___Tests.swift */,
				C0D833741F05EDCF0016EAFE /* Info.plist */,
			);
			path = "17-6-30-字典Tests";
			sourceTree = "<group>";
		};
		C0D8337C1F05EDCF0016EAFE /* 17-6-30-字典UITests */ = {
			isa = PBXGroup;
			children = (
				C0D8337D1F05EDCF0016EAFE /* _7_6_30___UITests.swift */,
				C0D8337F1F05EDCF0016EAFE /* Info.plist */,
			);
			path = "17-6-30-字典UITests";
			sourceTree = "<group>";
		};
/* End PBXGroup section */

/* Begin PBXNativeTarget section */
		C0D833591F05EDCF0016EAFE /* 17-6-30-字典 */ = {
			isa = PBXNativeTarget;
			buildConfigurationList = C0D833821F05EDCF0016EAFE /* Build configuration list for PBXNativeTarget "17-6-30-字典" */;
			buildPhases = (
				C0D833561F05EDCF0016EAFE /* Sources */,
				C0D833571F05EDCF0016EAFE /* Frameworks */,
				C0D833581F05EDCF0016EAFE /* Resources */,
			);
			buildRules = (
			);
			dependencies = (
			);
			name = "17-6-30-字典";
			productName = "17-6-30-字典";
			productReference = C0D8335A1F05EDCF0016EAFE /* 17-6-30-字典.app */;
			productType = "com.apple.product-type.application";
		};
		C0D8336D1F05EDCF0016EAFE /* 17-6-30-字典Tests */ = {
			isa = PBXNativeTarget;
			buildConfigurationList = C0D833851F05EDCF0016EAFE /* Build configuration list for PBXNativeTarget "17-6-30-字典Tests" */;
			buildPhases = (
				C0D8336A1F05EDCF0016EAFE /* Sources */,
				C0D8336B1F05EDCF0016EAFE /* Frameworks */,
				C0D8336C1F05EDCF0016EAFE /* Resources */,
			);
			buildRules = (
			);
			dependencies = (
				C0D833701F05EDCF0016EAFE /* PBXTargetDependency */,
			);
			name = "17-6-30-字典Tests";
			productName = "17-6-30-字典Tests";
			productReference = C0D8336E1F05EDCF0016EAFE /* 17-6-30-字典Tests.xctest */;
			productType = "com.apple.product-type.bundle.unit-test";
		};
		C0D833781F05EDCF0016EAFE /* 17-6-30-字典UITests */ = {
			isa = PBXNativeTarget;
			buildConfigurationList = C0D833881F05EDCF0016EAFE /* Build configuration list for PBXNativeTarget "17-6-30-字典UITests" */;
			buildPhases = (
				C0D833751F05EDCF0016EAFE /* Sources */,
				C0D833761F05EDCF0016EAFE /* Frameworks */,
				C0D833771F05EDCF0016EAFE /* Resources */,
			);
			buildRules = (
			);
			dependencies = (
				C0D8337B1F05EDCF0016EAFE /* PBXTargetDependency */,
			);
			name = "17-6-30-字典UITests";
			productName = "17-6-30-字典UITests";
			productReference = C0D833791F05EDCF0016EAFE /* 17-6-30-字典UITests.xctest */;
			productType = "com.apple.product-type.bundle.ui-testing";
		};
/* End PBXNativeTarget section */

/* Begin PBXProject section */
		C0D833521F05EDCF0016EAFE /* Project object */ = {
			isa = PBXProject;
			attributes = {
				LastSwiftUpdateCheck = 0830;
				LastUpgradeCheck = 0830;
				ORGANIZATIONNAME = Zeus;
				TargetAttributes = {
					C0D833591F05EDCF0016EAFE = {
						CreatedOnToolsVersion = 8.3;
						ProvisioningStyle = Automatic;
					};
					C0D8336D1F05EDCF0016EAFE = {
						CreatedOnToolsVersion = 8.3;
						ProvisioningStyle = Automatic;
						TestTargetID = C0D833591F05EDCF0016EAFE;
					};
					C0D833781F05EDCF0016EAFE = {
						CreatedOnToolsVersion = 8.3;
						ProvisioningStyle = Automatic;
						TestTargetID = C0D833591F05EDCF0016EAFE;
					};
				};
			};
			buildConfigurationList = C0D833551F05EDCF0016EAFE /* Build configuration list for PBXProject "17-6-30-字典" */;
			compatibilityVersion = "Xcode 3.2";
			developmentRegion = English;
			hasScannedForEncodings = 0;
			knownRegions = (
				en,
				Base,
			);
			mainGroup = C0D833511F05EDCF0016EAFE;
			productRefGroup = C0D8335B1F05EDCF0016EAFE /* Products */;
			projectDirPath = "";
			projectRoot = "";
			targets = (
				C0D833591F05EDCF0016EAFE /* 17-6-30-字典 */,
				C0D8336D1F05EDCF0016EAFE /* 17-6-30-字典Tests */,
				C0D833781F05EDCF0016EAFE /* 17-6-30-字典UITests */,
			);
		};
/* End PBXProject section */

/* Begin PBXResourcesBuildPhase section */
		C0D833581F05EDCF0016EAFE /* Resources */ = {
			isa = PBXResourcesBuildPhase;
			buildActionMask = 2147483647;
			files = (
				C0D833681F05EDCF0016EAFE /* LaunchScreen.storyboard in Resources */,
				C0D833651F05EDCF0016EAFE /* Assets.xcassets in Resources */,
				C0D833631F05EDCF0016EAFE /* Main.storyboard in Resources */,
			);
			runOnlyForDeploymentPostprocessing = 0;
		};
		C0D8336C1F05EDCF0016EAFE /* Resources */ = {
			isa = PBXResourcesBuildPhase;
			buildActionMask = 2147483647;
			files = (
			);
			runOnlyForDeploymentPostprocessing = 0;
		};
		C0D833771F05EDCF0016EAFE /* Resources */ = {
			isa = PBXResourcesBuildPhase;
			buildActionMask = 2147483647;
			files = (
			);
			runOnlyForDeploymentPostprocessing = 0;
		};
/* End PBXResourcesBuildPhase section */

/* Begin PBXSourcesBuildPhase section */
		C0D833561F05EDCF0016EAFE /* Sources */ = {
			isa = PBXSourcesBuildPhase;
			buildActionMask = 2147483647;
			files = (
				C0D833601F05EDCF0016EAFE /* ViewController.swift in Sources */,
				C0D8335E1F05EDCF0016EAFE /* AppDelegate.swift in Sources */,
			);
			runOnlyForDeploymentPostprocessing = 0;
		};
		C0D8336A1F05EDCF0016EAFE /* Sources */ = {
			isa = PBXSourcesBuildPhase;
			buildActionMask = 2147483647;
			files = (
				C0D833731F05EDCF0016EAFE /* _7_6_30___Tests.swift in Sources */,
			);
			runOnlyForDeploymentPostprocessing = 0;
		};
		C0D833751F05EDCF0016EAFE /* Sources */ = {
			isa = PBXSourcesBuildPhase;
			buildActionMask = 2147483647;
			files = (
				C0D8337E1F05EDCF0016EAFE /* _7_6_30___UITests.swift in Sources */,
			);
			runOnlyForDeploymentPostprocessing = 0;
		};
/* End PBXSourcesBuildPhase section */

/* Begin PBXTargetDependency section */
		C0D833701F05EDCF0016EAFE /* PBXTargetDependency */ = {
			isa = PBXTargetDependency;
			target = C0D833591F05EDCF0016EAFE /* 17-6-30-字典 */;
			targetProxy = C0D8336F1F05EDCF0016EAFE /* PBXContainerItemProxy */;
		};
		C0D8337B1F05EDCF0016EAFE /* PBXTargetDependency */ = {
			isa = PBXTargetDependency;
			target = C0D833591F05EDCF0016EAFE /* 17-6-30-字典 */;
			targetProxy = C0D8337A1F05EDCF0016EAFE /* PBXContainerItemProxy */;
		};
/* End PBXTargetDependency section */

/* Begin PBXVariantGroup section */
		C0D833611F05EDCF0016EAFE /* Main.storyboard */ = {
			isa = PBXVariantGroup;
			children = (
				C0D833621F05EDCF0016EAFE /* Base */,
			);
			name = Main.storyboard;
			sourceTree = "<group>";
		};
		C0D833661F05EDCF0016EAFE /* LaunchScreen.storyboard */ = {
			isa = PBXVariantGroup;
			children = (
				C0D833671F05EDCF0016EAFE /* Base */,
			);
			name = LaunchScreen.storyboard;
			sourceTree = "<group>";
		};
/* End PBXVariantGroup section */

/* Begin XCBuildConfiguration section */
		C0D833801F05EDCF0016EAFE /* Debug */ = {
			isa = XCBuildConfiguration;
			buildSettings = {
				ALWAYS_SEARCH_USER_PATHS = NO;
				CLANG_ANALYZER_NONNULL = YES;
				CLANG_ANALYZER_NUMBER_OBJECT_CONVERSION = YES_AGGRESSIVE;
				CLANG_CXX_LANGUAGE_STANDARD = "gnu++0x";
				CLANG_CXX_LIBRARY = "libc++";
				CLANG_ENABLE_MODULES = YES;
				CLANG_ENABLE_OBJC_ARC = YES;
				CLANG_WARN_BOOL_CONVERSION = YES;
				CLANG_WARN_CONSTANT_CONVERSION = YES;
				CLANG_WARN_DIRECT_OBJC_ISA_USAGE = YES_ERROR;
				CLANG_WARN_DOCUMENTATION_COMMENTS = YES;
				CLANG_WARN_EMPTY_BODY = YES;
				CLANG_WARN_ENUM_CONVERSION = YES;
				CLANG_WARN_INFINITE_RECURSION = YES;
				CLANG_WARN_INT_CONVERSION = YES;
				CLANG_WARN_OBJC_ROOT_CLASS = YES_ERROR;
				CLANG_WARN_SUSPICIOUS_MOVE = YES;
				CLANG_WARN_UNREACHABLE_CODE = YES;
				CLANG_WARN__DUPLICATE_METHOD_MATCH = YES;
				"CODE_SIGN_IDENTITY[sdk=iphoneos*]" = "iPhone Developer";
				COPY_PHASE_STRIP = NO;
				DEBUG_INFORMATION_FORMAT = dwarf;
				ENABLE_STRICT_OBJC_MSGSEND = YES;
				ENABLE_TESTABILITY = YES;
				GCC_C_LANGUAGE_STANDARD = gnu99;
				GCC_DYNAMIC_NO_PIC = NO;
				GCC_NO_COMMON_BLOCKS = YES;
				GCC_OPTIMIZATION_LEVEL = 0;
				GCC_PREPROCESSOR_DEFINITIONS = (
					"DEBUG=1",
					"$(inherited)",
				);
				GCC_WARN_64_TO_32_BIT_CONVERSION = YES;
				GCC_WARN_ABOUT_RETURN_TYPE = YES_ERROR;
				GCC_WARN_UNDECLARED_SELECTOR = YES;
				GCC_WARN_UNINITIALIZED_AUTOS = YES_AGGRESSIVE;
				GCC_WARN_UNUSED_FUNCTION = YES;
				GCC_WARN_UNUSED_VARIABLE = YES;
				IPHONEOS_DEPLOYMENT_TARGET = 10.3;
				MTL_ENABLE_DEBUG_INFO = YES;
				ONLY_ACTIVE_ARCH = YES;
				SDKROOT = iphoneos;
				SWIFT_ACTIVE_COMPILATION_CONDITIONS = DEBUG;
				SWIFT_OPTIMIZATION_LEVEL = "-Onone";
			};
			name = Debug;
		};
		C0D833811F05EDCF0016EAFE /* Release */ = {
			isa = XCBuildConfiguration;
			buildSettings = {
				ALWAYS_SEARCH_USER_PATHS = NO;
				CLANG_ANALYZER_NONNULL = YES;
				CLANG_ANALYZER_NUMBER_OBJECT_CONVERSION = YES_AGGRESSIVE;
				CLANG_CXX_LANGUAGE_STANDARD = "gnu++0x";
				CLANG_CXX_LIBRARY = "libc++";
				CLANG_ENABLE_MODULES = YES;
				CLANG_ENABLE_OBJC_ARC = YES;
				CLANG_WARN_BOOL_CONVERSION = YES;
				CLANG_WARN_CONSTANT_CONVERSION = YES;
				CLANG_WARN_DIRECT_OBJC_ISA_USAGE = YES_ERROR;
				CLANG_WARN_DOCUMENTATION_COMMENTS = YES;
				CLANG_WARN_EMPTY_BODY = YES;
				CLANG_WARN_ENUM_CONVERSION = YES;
				CLANG_WARN_INFINITE_RECURSION = YES;
				CLANG_WARN_INT_CONVERSION = YES;
				CLANG_WARN_OBJC_ROOT_CLASS = YES_ERROR;
				CLANG_WARN_SUSPICIOUS_MOVE = YES;
				CLANG_WARN_UNREACHABLE_CODE = YES;
				CLANG_WARN__DUPLICATE_METHOD_MATCH = YES;
				"CODE_SIGN_IDENTITY[sdk=iphoneos*]" = "iPhone Developer";
				COPY_PHASE_STRIP = NO;
				DEBUG_INFORMATION_FORMAT = "dwarf-with-dsym";
				ENABLE_NS_ASSERTIONS = NO;
				ENABLE_STRICT_OBJC_MSGSEND = YES;
				GCC_C_LANGUAGE_STANDARD = gnu99;
				GCC_NO_COMMON_BLOCKS = YES;
				GCC_WARN_64_TO_32_BIT_CONVERSION = YES;
				GCC_WARN_ABOUT_RETURN_TYPE = YES_ERROR;
				GCC_WARN_UNDECLARED_SELECTOR = YES;
				GCC_WARN_UNINITIALIZED_AUTOS = YES_AGGRESSIVE;
				GCC_WARN_UNUSED_FUNCTION = YES;
				GCC_WARN_UNUSED_VARIABLE = YES;
				IPHONEOS_DEPLOYMENT_TARGET = 10.3;
				MTL_ENABLE_DEBUG_INFO = NO;
				SDKROOT = iphoneos;
				SWIFT_OPTIMIZATION_LEVEL = "-Owholemodule";
				VALIDATE_PRODUCT = YES;
			};
			name = Release;
		};
		C0D833831F05EDCF0016EAFE /* Debug */ = {
			isa = XCBuildConfiguration;
			buildSettings = {
				ASSETCATALOG_COMPILER_APPICON_NAME = AppIcon;
				INFOPLIST_FILE = "17-6-30-字典/Info.plist";
				LD_RUNPATH_SEARCH_PATHS = "$(inherited) @executable_path/Frameworks";
				PRODUCT_BUNDLE_IDENTIFIER = "cn.Zeus.-7-6-30---";
				PRODUCT_NAME = "$(TARGET_NAME)";
				SWIFT_VERSION = 3.0;
			};
			name = Debug;
		};
		C0D833841F05EDCF0016EAFE /* Release */ = {
			isa = XCBuildConfiguration;
			buildSettings = {
				ASSETCATALOG_COMPILER_APPICON_NAME = AppIcon;
				INFOPLIST_FILE = "17-6-30-字典/Info.plist";
				LD_RUNPATH_SEARCH_PATHS = "$(inherited) @executable_path/Frameworks";
				PRODUCT_BUNDLE_IDENTIFIER = "cn.Zeus.-7-6-30---";
				PRODUCT_NAME = "$(TARGET_NAME)";
				SWIFT_VERSION = 3.0;
			};
			name = Release;
		};
		C0D833861F05EDCF0016EAFE /* Debug */ = {
			isa = XCBuildConfiguration;
			buildSettings = {
				ALWAYS_EMBED_SWIFT_STANDARD_LIBRARIES = YES;
				BUNDLE_LOADER = "$(TEST_HOST)";
				INFOPLIST_FILE = "17-6-30-字典Tests/Info.plist";
				LD_RUNPATH_SEARCH_PATHS = "$(inherited) @executable_path/Frameworks @loader_path/Frameworks";
				PRODUCT_BUNDLE_IDENTIFIER = "cn.Zeus.-7-6-30---Tests";
				PRODUCT_NAME = "$(TARGET_NAME)";
				SWIFT_VERSION = 3.0;
				TEST_HOST = "$(BUILT_PRODUCTS_DIR)/17-6-30-字典.app/17-6-30-字典";
			};
			name = Debug;
		};
		C0D833871F05EDCF0016EAFE /* Release */ = {
			isa = XCBuildConfiguration;
			buildSettings = {
				ALWAYS_EMBED_SWIFT_STANDARD_LIBRARIES = YES;
				BUNDLE_LOADER = "$(TEST_HOST)";
				INFOPLIST_FILE = "17-6-30-字典Tests/Info.plist";
				LD_RUNPATH_SEARCH_PATHS = "$(inherited) @executable_path/Frameworks @loader_path/Frameworks";
				PRODUCT_BUNDLE_IDENTIFIER = "cn.Zeus.-7-6-30---Tests";
				PRODUCT_NAME = "$(TARGET_NAME)";
				SWIFT_VERSION = 3.0;
				TEST_HOST = "$(BUILT_PRODUCTS_DIR)/17-6-30-字典.app/17-6-30-字典";
			};
			name = Release;
		};
		C0D833891F05EDCF0016EAFE /* Debug */ = {
			isa = XCBuildConfiguration;
			buildSettings = {
				ALWAYS_EMBED_SWIFT_STANDARD_LIBRARIES = YES;
				INFOPLIST_FILE = "17-6-30-字典UITests/Info.plist";
				LD_RUNPATH_SEARCH_PATHS = "$(inherited) @executable_path/Frameworks @loader_path/Frameworks";
				PRODUCT_BUNDLE_IDENTIFIER = "cn.Zeus.-7-6-30---UITests";
				PRODUCT_NAME = "$(TARGET_NAME)";
				SWIFT_VERSION = 3.0;
				TEST_TARGET_NAME = "17-6-30-字典";
			};
			name = Debug;
		};
		C0D8338A1F05EDCF0016EAFE /* Release */ = {
			isa = XCBuildConfiguration;
			buildSettings = {
				ALWAYS_EMBED_SWIFT_STANDARD_LIBRARIES = YES;
				INFOPLIST_FILE = "17-6-30-字典UITests/Info.plist";
				LD_RUNPATH_SEARCH_PATHS = "$(inherited) @executable_path/Frameworks @loader_path/Frameworks";
				PRODUCT_BUNDLE_IDENTIFIER = "cn.Zeus.-7-6-30---UITests";
				PRODUCT_NAME = "$(TARGET_NAME)";
				SWIFT_VERSION = 3.0;
				TEST_TARGET_NAME = "17-6-30-字典";
			};
			name = Release;
		};
/* End XCBuildConfiguration section */

/* Begin XCConfigurationList section */
		C0D833551F05EDCF0016EAFE /* Build configuration list for PBXProject "17-6-30-字典" */ = {
			isa = XCConfigurationList;
			buildConfigurations = (
				C0D833801F05EDCF0016EAFE /* Debug */,
				C0D833811F05EDCF0016EAFE /* Release */,
			);
			defaultConfigurationIsVisible = 0;
			defaultConfigurationName = Release;
		};
		C0D833821F05EDCF0016EAFE /* Build configuration list for PBXNativeTarget "17-6-30-字典" */ = {
			isa = XCConfigurationList;
			buildConfigurations = (
				C0D833831F05EDCF0016EAFE /* Debug */,
				C0D833841F05EDCF0016EAFE /* Release */,
			);
			defaultConfigurationIsVisible = 0;
		};
		C0D833851F05EDCF0016EAFE /* Build configuration list for PBXNativeTarget "17-6-30-字典Tests" */ = {
			isa = XCConfigurationList;
			buildConfigurations = (
				C0D833861F05EDCF0016EAFE /* Debug */,
				C0D833871F05EDCF0016EAFE /* Release */,
			);
			defaultConfigurationIsVisible = 0;
		};
		C0D833881F05EDCF0016EAFE /* Build configuration list for PBXNativeTarget "17-6-30-字典UITests" */ = {
			isa = XCConfigurationList;
			buildConfigurations = (
				C0D833891F05EDCF0016EAFE /* Debug */,
				C0D8338A1F05EDCF0016EAFE /* Release */,
			);
			defaultConfigurationIsVisible = 0;
		};
/* End XCConfigurationList section */
	};
	rootObject = C0D833521F05EDCF0016EAFE /* Project object */;
}
